
Microsoft Visual Studio Solution File, Format Version 12.00
# Visual Studio Version 16
VisualStudioVersion = 16.0.30128.74
MinimumVisualStudioVersion = 10.0.40219.1
Project("{9A19103F-16F7-4668-BE54-9A1E7A4F7556}") = "Practical", "Practical.csproj", "{45E95E03-CFE2-454D-81D0-77D9D17C353A}"
EndProject
Project("{9A19103F-16F7-4668-BE54-9A1E7A4F7556}") = "Practial.Domain", "..\Practial.Domain\Practial.Domain.csproj", "{2D0CCB42-245E-4660-8B5C-AC1E4DE219EC}"
EndProject
Project("{FAE04EC0-301F-11D3-BF4B-00C04F79EFBC}") = "Practical.Uow", "..\Practical.Uow\Practical.Uow.csproj", "{C4377B71-4767-4615-8F9C-C689E5B59348}"
EndProject
Project("{FAE04EC0-301F-11D3-BF4B-00C04F79EFBC}") = "Pactical.Interface", "..\Pactical.Interface\Pactical.Interface.csproj", "{7215B9ED-6B69-488D-97FC-866501617C12}"
EndProject
Global
	GlobalSection(SolutionConfigurationPlatforms) = preSolution
		Debug|Any CPU = Debug|Any CPU
		Release|Any CPU = Release|Any CPU
	EndGlobalSection
	GlobalSection(ProjectConfigurationPlatforms) = postSolution
		{45E95E03-CFE2-454D-81D0-77D9D17C353A}.Debug|Any CPU.ActiveCfg = Debug|Any CPU
		{45E95E03-CFE2-454D-81D0-77D9D17C353A}.Debug|Any CPU.Build.0 = Debug|Any CPU
		{45E95E03-CFE2-454D-81D0-77D9D17C353A}.Release|Any CPU.ActiveCfg = Release|Any CPU
		{45E95E03-CFE2-454D-81D0-77D9D17C353A}.Release|Any CPU.Build.0 = Release|Any CPU
		{2D0CCB42-245E-4660-8B5C-AC1E4DE219EC}.Debug|Any CPU.ActiveCfg = Debug|Any CPU
		{2D0CCB42-245E-4660-8B5C-AC1E4DE219EC}.Debug|Any CPU.Build.0 = Debug|Any CPU
		{2D0CCB42-245E-4660-8B5C-AC1E4DE219EC}.Release|Any CPU.ActiveCfg = Release|Any CPU
		{2D0CCB42-245E-4660-8B5C-AC1E4DE219EC}.Release|Any CPU.Build.0 = Release|Any CPU
		{C4377B71-4767-4615-8F9C-C689E5B59348}.Debug|Any CPU.ActiveCfg = Debug|Any CPU
		{C4377B71-4767-4615-8F9C-C689E5B59348}.Debug|Any CPU.Build.0 = Debug|Any CPU
		{C4377B71-4767-4615-8F9C-C689E5B59348}.Release|Any CPU.ActiveCfg = Release|Any CPU
		{C4377B71-4767-4615-8F9C-C689E5B59348}.Release|Any CPU.Build.0 = Release|Any CPU
		{7215B9ED-6B69-488D-97FC-866501617C12}.Debug|Any CPU.ActiveCfg = Debug|Any CPU
		{7215B9ED-6B69-488D-97FC-866501617C12}.Debug|Any CPU.Build.0 = Debug|Any CPU
		{7215B9ED-6B69-488D-97FC-866501617C12}.Release|Any CPU.ActiveCfg = Release|Any CPU
		{7215B9ED-6B69-488D-97FC-866501617C12}.Release|Any CPU.Build.0 = Release|Any CPU
	EndGlobalSection
	GlobalSection(SolutionProperties) = preSolution
		HideSolutionNode = FALSE
	EndGlobalSection
	GlobalSection(ExtensibilityGlobals) = postSolution
		SolutionGuid = {1F951876-7330-429D-8AFF-AAE23538CCEF}
	EndGlobalSection
EndGlobal
